
Microsoft Visual Studio Solution File, Format Version 12.00
# Visual Studio Version 16
VisualStudioVersion = 16.0.28922.388
MinimumVisualStudioVersion = 10.0.40219.1
Project("{FAE04EC0-301F-11D3-BF4B-00C04F79EFBC}") = "Phoneword", "Phoneword\Phoneword.csproj", "{ACA18A4D-08BC-499C-87D7-99660FE2FDED}"
EndProject
Project("{9A19103F-16F7-4668-BE54-9A1E7A4F7556}") = "Phoneword.Core", "Phoneword.Core\Phoneword.Core.csproj", "{9DD381C3-03F1-498D-9440-EA6EBD77287F}"
EndProject
Project("{FAE04EC0-301F-11D3-BF4B-00C04F79EFBC}") = "Phoneword.Droid", "Phoneword.Droid\Phoneword.Droid.csproj", "{0D338F39-1372-4B55-9EB4-0A50498C72DC}"
EndProject
Project("{FAE04EC0-301F-11D3-BF4B-00C04F79EFBC}") = "Phoneword.iOS", "Phoneword.iOS\Phoneword.iOS.csproj", "{8B6737EF-A7AA-4466-ACF4-D46B68649971}"
EndProject
Project("{9A19103F-16F7-4668-BE54-9A1E7A4F7556}") = "Phoneword.Forms.UI", "Phoneword.Forms.UI\Phoneword.Forms.UI.csproj", "{929D6C66-81A8-4316-89B2-D766D51172D3}"
EndProject
Project("{FAE04EC0-301F-11D3-BF4B-00C04F79EFBC}") = "Phoneword.Forms.Droid", "Phoneword.Forms.Droid\Phoneword.Forms.Droid.csproj", "{EE69C533-46B6-4886-AEE1-2033649A4B9D}"
EndProject
Project("{FAE04EC0-301F-11D3-BF4B-00C04F79EFBC}") = "Phoneword.Forms.iOS", "Phoneword.Forms.iOS\Phoneword.Forms.iOS.csproj", "{F05960C6-2A44-4189-ABFC-8E8B23E98A3A}"
EndProject
Project("{9A19103F-16F7-4668-BE54-9A1E7A4F7556}") = "MvvmCross.Platforms.GTK", "MvvmCross.Platforms.Gtk\MvvmCross.Platforms.GTK.csproj", "{03D70D62-1D3E-4141-9CAE-4ADA227BDC31}"
EndProject
Project("{FAE04EC0-301F-11D3-BF4B-00C04F79EFBC}") = "Phoneword.Gtk", "Phoneword.Gtk\Phoneword.Gtk.csproj", "{8223D06F-B27A-41C8-A426-8FC2DD3E230D}"
EndProject
Global
	GlobalSection(SolutionConfigurationPlatforms) = preSolution
		Debug|Any CPU = Debug|Any CPU
		Debug|iPhone = Debug|iPhone
		Debug|iPhoneSimulator = Debug|iPhoneSimulator
		Debug|x86 = Debug|x86
		Release|Any CPU = Release|Any CPU
		Release|iPhone = Release|iPhone
		Release|iPhoneSimulator = Release|iPhoneSimulator
		Release|x86 = Release|x86
	EndGlobalSection
	GlobalSection(ProjectConfigurationPlatforms) = postSolution
		{ACA18A4D-08BC-499C-87D7-99660FE2FDED}.Debug|Any CPU.ActiveCfg = Debug|Any CPU
		{ACA18A4D-08BC-499C-87D7-99660FE2FDED}.Debug|Any CPU.Build.0 = Debug|Any CPU
		{ACA18A4D-08BC-499C-87D7-99660FE2FDED}.Debug|Any CPU.Deploy.0 = Debug|Any CPU
		{ACA18A4D-08BC-499C-87D7-99660FE2FDED}.Debug|iPhone.ActiveCfg = Debug|Any CPU
		{ACA18A4D-08BC-499C-87D7-99660FE2FDED}.Debug|iPhone.Build.0 = Debug|Any CPU
		{ACA18A4D-08BC-499C-87D7-99660FE2FDED}.Debug|iPhone.Deploy.0 = Debug|Any CPU
		{ACA18A4D-08BC-499C-87D7-99660FE2FDED}.Debug|iPhoneSimulator.ActiveCfg = Debug|Any CPU
		{ACA18A4D-08BC-499C-87D7-99660FE2FDED}.Debug|iPhoneSimulator.Build.0 = Debug|Any CPU
		{ACA18A4D-08BC-499C-87D7-99660FE2FDED}.Debug|iPhoneSimulator.Deploy.0 = Debug|Any CPU
		{ACA18A4D-08BC-499C-87D7-99660FE2FDED}.Debug|x86.ActiveCfg = Debug|Any CPU
		{ACA18A4D-08BC-499C-87D7-99660FE2FDED}.Debug|x86.Build.0 = Debug|Any CPU
		{ACA18A4D-08BC-499C-87D7-99660FE2FDED}.Debug|x86.Deploy.0 = Debug|Any CPU
		{ACA18A4D-08BC-499C-87D7-99660FE2FDED}.Release|Any CPU.ActiveCfg = Release|Any CPU
		{ACA18A4D-08BC-499C-87D7-99660FE2FDED}.Release|Any CPU.Build.0 = Release|Any CPU
		{ACA18A4D-08BC-499C-87D7-99660FE2FDED}.Release|Any CPU.Deploy.0 = Release|Any CPU
		{ACA18A4D-08BC-499C-87D7-99660FE2FDED}.Release|iPhone.ActiveCfg = Release|Any CPU
		{ACA18A4D-08BC-499C-87D7-99660FE2FDED}.Release|iPhone.Build.0 = Release|Any CPU
		{ACA18A4D-08BC-499C-87D7-99660FE2FDED}.Release|iPhone.Deploy.0 = Release|Any CPU
		{ACA18A4D-08BC-499C-87D7-99660FE2FDED}.Release|iPhoneSimulator.ActiveCfg = Release|Any CPU
		{ACA18A4D-08BC-499C-87D7-99660FE2FDED}.Release|iPhoneSimulator.Build.0 = Release|Any CPU
		{ACA18A4D-08BC-499C-87D7-99660FE2FDED}.Release|iPhoneSimulator.Deploy.0 = Release|Any CPU
		{ACA18A4D-08BC-499C-87D7-99660FE2FDED}.Release|x86.ActiveCfg = Release|Any CPU
		{ACA18A4D-08BC-499C-87D7-99660FE2FDED}.Release|x86.Build.0 = Release|Any CPU
		{ACA18A4D-08BC-499C-87D7-99660FE2FDED}.Release|x86.Deploy.0 = Release|Any CPU
		{9DD381C3-03F1-498D-9440-EA6EBD77287F}.Debug|Any CPU.ActiveCfg = Debug|Any CPU
		{9DD381C3-03F1-498D-9440-EA6EBD77287F}.Debug|Any CPU.Build.0 = Debug|Any CPU
		{9DD381C3-03F1-498D-9440-EA6EBD77287F}.Debug|iPhone.ActiveCfg = Debug|Any CPU
		{9DD381C3-03F1-498D-9440-EA6EBD77287F}.Debug|iPhone.Build.0 = Debug|Any CPU
		{9DD381C3-03F1-498D-9440-EA6EBD77287F}.Debug|iPhoneSimulator.ActiveCfg = Debug|Any CPU
		{9DD381C3-03F1-498D-9440-EA6EBD77287F}.Debug|iPhoneSimulator.Build.0 = Debug|Any CPU
		{9DD381C3-03F1-498D-9440-EA6EBD77287F}.Debug|x86.ActiveCfg = Debug|Any CPU
		{9DD381C3-03F1-498D-9440-EA6EBD77287F}.Debug|x86.Build.0 = Debug|Any CPU
		{9DD381C3-03F1-498D-9440-EA6EBD77287F}.Release|Any CPU.ActiveCfg = Release|Any CPU
		{9DD381C3-03F1-498D-9440-EA6EBD77287F}.Release|Any CPU.Build.0 = Release|Any CPU
		{9DD381C3-03F1-498D-9440-EA6EBD77287F}.Release|iPhone.ActiveCfg = Release|Any CPU
		{9DD381C3-03F1-498D-9440-EA6EBD77287F}.Release|iPhone.Build.0 = Release|Any CPU
		{9DD381C3-03F1-498D-9440-EA6EBD77287F}.Release|iPhoneSimulator.ActiveCfg = Release|Any CPU
		{9DD381C3-03F1-498D-9440-EA6EBD77287F}.Release|iPhoneSimulator.Build.0 = Release|Any CPU
		{9DD381C3-03F1-498D-9440-EA6EBD77287F}.Release|x86.ActiveCfg = Release|Any CPU
		{9DD381C3-03F1-498D-9440-EA6EBD77287F}.Release|x86.Build.0 = Release|Any CPU
		{0D338F39-1372-4B55-9EB4-0A50498C72DC}.Debug|Any CPU.ActiveCfg = Debug|Any CPU
		{0D338F39-1372-4B55-9EB4-0A50498C72DC}.Debug|Any CPU.Build.0 = Debug|Any CPU
		{0D338F39-1372-4B55-9EB4-0A50498C72DC}.Debug|Any CPU.Deploy.0 = Debug|Any CPU
		{0D338F39-1372-4B55-9EB4-0A50498C72DC}.Debug|iPhone.ActiveCfg = Debug|Any CPU
		{0D338F39-1372-4B55-9EB4-0A50498C72DC}.Debug|iPhone.Build.0 = Debug|Any CPU
		{0D338F39-1372-4B55-9EB4-0A50498C72DC}.Debug|iPhone.Deploy.0 = Debug|Any CPU
		{0D338F39-1372-4B55-9EB4-0A50498C72DC}.Debug|iPhoneSimulator.ActiveCfg = Debug|Any CPU
		{0D338F39-1372-4B55-9EB4-0A50498C72DC}.Debug|iPhoneSimulator.Build.0 = Debug|Any CPU
		{0D338F39-1372-4B55-9EB4-0A50498C72DC}.Debug|iPhoneSimulator.Deploy.0 = Debug|Any CPU
		{0D338F39-1372-4B55-9EB4-0A50498C72DC}.Debug|x86.ActiveCfg = Debug|Any CPU
		{0D338F39-1372-4B55-9EB4-0A50498C72DC}.Debug|x86.Build.0 = Debug|Any CPU
		{0D338F39-1372-4B55-9EB4-0A50498C72DC}.Debug|x86.Deploy.0 = Debug|Any CPU
		{0D338F39-1372-4B55-9EB4-0A50498C72DC}.Release|Any CPU.ActiveCfg = Release|Any CPU
		{0D338F39-1372-4B55-9EB4-0A50498C72DC}.Release|Any CPU.Build.0 = Release|Any CPU
		{0D338F39-1372-4B55-9EB4-0A50498C72DC}.Release|Any CPU.Deploy.0 = Release|Any CPU
		{0D338F39-1372-4B55-9EB4-0A50498C72DC}.Release|iPhone.ActiveCfg = Release|Any CPU
		{0D338F39-1372-4B55-9EB4-0A50498C72DC}.Release|iPhone.Build.0 = Release|Any CPU
		{0D338F39-1372-4B55-9EB4-0A50498C72DC}.Release|iPhone.Deploy.0 = Release|Any CPU
		{0D338F39-1372-4B55-9EB4-0A50498C72DC}.Release|iPhoneSimulator.ActiveCfg = Release|Any CPU
		{0D338F39-1372-4B55-9EB4-0A50498C72DC}.Release|iPhoneSimulator.Build.0 = Release|Any CPU
		{0D338F39-1372-4B55-9EB4-0A50498C72DC}.Release|iPhoneSimulator.Deploy.0 = Release|Any CPU
		{0D338F39-1372-4B55-9EB4-0A50498C72DC}.Release|x86.ActiveCfg = Release|Any CPU
		{0D338F39-1372-4B55-9EB4-0A50498C72DC}.Release|x86.Build.0 = Release|Any CPU
		{0D338F39-1372-4B55-9EB4-0A50498C72DC}.Release|x86.Deploy.0 = Release|Any CPU
		{8B6737EF-A7AA-4466-ACF4-D46B68649971}.Debug|Any CPU.ActiveCfg = Debug|iPhone
		{8B6737EF-A7AA-4466-ACF4-D46B68649971}.Debug|iPhone.ActiveCfg = Debug|iPhone
		{8B6737EF-A7AA-4466-ACF4-D46B68649971}.Debug|iPhone.Build.0 = Debug|iPhone
		{8B6737EF-A7AA-4466-ACF4-D46B68649971}.Debug|iPhoneSimulator.ActiveCfg = Debug|iPhoneSimulator
		{8B6737EF-A7AA-4466-ACF4-D46B68649971}.Debug|iPhoneSimulator.Build.0 = Debug|iPhoneSimulator
		{8B6737EF-A7AA-4466-ACF4-D46B68649971}.Debug|x86.ActiveCfg = Debug|iPhoneSimulator
		{8B6737EF-A7AA-4466-ACF4-D46B68649971}.Release|Any CPU.ActiveCfg = Release|iPhone
		{8B6737EF-A7AA-4466-ACF4-D46B68649971}.Release|iPhone.ActiveCfg = Release|iPhone
		{8B6737EF-A7AA-4466-ACF4-D46B68649971}.Release|iPhone.Build.0 = Release|iPhone
		{8B6737EF-A7AA-4466-ACF4-D46B68649971}.Release|iPhoneSimulator.ActiveCfg = Release|iPhoneSimulator
		{8B6737EF-A7AA-4466-ACF4-D46B68649971}.Release|iPhoneSimulator.Build.0 = Release|iPhoneSimulator
		{8B6737EF-A7AA-4466-ACF4-D46B68649971}.Release|x86.ActiveCfg = Release|iPhoneSimulator
		{929D6C66-81A8-4316-89B2-D766D51172D3}.Debug|Any CPU.ActiveCfg = Debug|Any CPU
		{929D6C66-81A8-4316-89B2-D766D51172D3}.Debug|Any CPU.Build.0 = Debug|Any CPU
		{929D6C66-81A8-4316-89B2-D766D51172D3}.Debug|iPhone.ActiveCfg = Debug|Any CPU
		{929D6C66-81A8-4316-89B2-D766D51172D3}.Debug|iPhone.Build.0 = Debug|Any CPU
		{929D6C66-81A8-4316-89B2-D766D51172D3}.Debug|iPhoneSimulator.ActiveCfg = Debug|Any CPU
		{929D6C66-81A8-4316-89B2-D766D51172D3}.Debug|iPhoneSimulator.Build.0 = Debug|Any CPU
		{929D6C66-81A8-4316-89B2-D766D51172D3}.Debug|x86.ActiveCfg = Debug|Any CPU
		{929D6C66-81A8-4316-89B2-D766D51172D3}.Debug|x86.Build.0 = Debug|Any CPU
		{929D6C66-81A8-4316-89B2-D766D51172D3}.Release|Any CPU.ActiveCfg = Release|Any CPU
		{929D6C66-81A8-4316-89B2-D766D51172D3}.Release|Any CPU.Build.0 = Release|Any CPU
		{929D6C66-81A8-4316-89B2-D766D51172D3}.Release|iPhone.ActiveCfg = Release|Any CPU
		{929D6C66-81A8-4316-89B2-D766D51172D3}.Release|iPhone.Build.0 = Release|Any CPU
		{929D6C66-81A8-4316-89B2-D766D51172D3}.Release|iPhoneSimulator.ActiveCfg = Release|Any CPU
		{929D6C66-81A8-4316-89B2-D766D51172D3}.Release|iPhoneSimulator.Build.0 = Release|Any CPU
		{929D6C66-81A8-4316-89B2-D766D51172D3}.Release|x86.ActiveCfg = Release|Any CPU
		{929D6C66-81A8-4316-89B2-D766D51172D3}.Release|x86.Build.0 = Release|Any CPU
		{EE69C533-46B6-4886-AEE1-2033649A4B9D}.Debug|Any CPU.ActiveCfg = Debug|Any CPU
		{EE69C533-46B6-4886-AEE1-2033649A4B9D}.Debug|Any CPU.Build.0 = Debug|Any CPU
		{EE69C533-46B6-4886-AEE1-2033649A4B9D}.Debug|Any CPU.Deploy.0 = Debug|Any CPU
		{EE69C533-46B6-4886-AEE1-2033649A4B9D}.Debug|iPhone.ActiveCfg = Debug|Any CPU
		{EE69C533-46B6-4886-AEE1-2033649A4B9D}.Debug|iPhone.Build.0 = Debug|Any CPU
		{EE69C533-46B6-4886-AEE1-2033649A4B9D}.Debug|iPhone.Deploy.0 = Debug|Any CPU
		{EE69C533-46B6-4886-AEE1-2033649A4B9D}.Debug|iPhoneSimulator.ActiveCfg = Debug|Any CPU
		{EE69C533-46B6-4886-AEE1-2033649A4B9D}.Debug|iPhoneSimulator.Build.0 = Debug|Any CPU
		{EE69C533-46B6-4886-AEE1-2033649A4B9D}.Debug|iPhoneSimulator.Deploy.0 = Debug|Any CPU
		{EE69C533-46B6-4886-AEE1-2033649A4B9D}.Debug|x86.ActiveCfg = Debug|Any CPU
		{EE69C533-46B6-4886-AEE1-2033649A4B9D}.Debug|x86.Build.0 = Debug|Any CPU
		{EE69C533-46B6-4886-AEE1-2033649A4B9D}.Debug|x86.Deploy.0 = Debug|Any CPU
		{EE69C533-46B6-4886-AEE1-2033649A4B9D}.Release|Any CPU.ActiveCfg = Release|Any CPU
		{EE69C533-46B6-4886-AEE1-2033649A4B9D}.Release|Any CPU.Build.0 = Release|Any CPU
		{EE69C533-46B6-4886-AEE1-2033649A4B9D}.Release|Any CPU.Deploy.0 = Release|Any CPU
		{EE69C533-46B6-4886-AEE1-2033649A4B9D}.Release|iPhone.ActiveCfg = Release|Any CPU
		{EE69C533-46B6-4886-AEE1-2033649A4B9D}.Release|iPhone.Build.0 = Release|Any CPU
		{EE69C533-46B6-4886-AEE1-2033649A4B9D}.Release|iPhone.Deploy.0 = Release|Any CPU
		{EE69C533-46B6-4886-AEE1-2033649A4B9D}.Release|iPhoneSimulator.ActiveCfg = Release|Any CPU
		{EE69C533-46B6-4886-AEE1-2033649A4B9D}.Release|iPhoneSimulator.Build.0 = Release|Any CPU
		{EE69C533-46B6-4886-AEE1-2033649A4B9D}.Release|iPhoneSimulator.Deploy.0 = Release|Any CPU
		{EE69C533-46B6-4886-AEE1-2033649A4B9D}.Release|x86.ActiveCfg = Release|Any CPU
		{EE69C533-46B6-4886-AEE1-2033649A4B9D}.Release|x86.Build.0 = Release|Any CPU
		{EE69C533-46B6-4886-AEE1-2033649A4B9D}.Release|x86.Deploy.0 = Release|Any CPU
		{F05960C6-2A44-4189-ABFC-8E8B23E98A3A}.Debug|Any CPU.ActiveCfg = Debug|iPhone
		{F05960C6-2A44-4189-ABFC-8E8B23E98A3A}.Debug|iPhone.ActiveCfg = Debug|iPhone
		{F05960C6-2A44-4189-ABFC-8E8B23E98A3A}.Debug|iPhone.Build.0 = Debug|iPhone
		{F05960C6-2A44-4189-ABFC-8E8B23E98A3A}.Debug|iPhoneSimulator.ActiveCfg = Debug|iPhoneSimulator
		{F05960C6-2A44-4189-ABFC-8E8B23E98A3A}.Debug|iPhoneSimulator.Build.0 = Debug|iPhoneSimulator
		{F05960C6-2A44-4189-ABFC-8E8B23E98A3A}.Debug|x86.ActiveCfg = Debug|iPhoneSimulator
		{F05960C6-2A44-4189-ABFC-8E8B23E98A3A}.Release|Any CPU.ActiveCfg = Release|iPhone
		{F05960C6-2A44-4189-ABFC-8E8B23E98A3A}.Release|iPhone.ActiveCfg = Release|iPhone
		{F05960C6-2A44-4189-ABFC-8E8B23E98A3A}.Release|iPhone.Build.0 = Release|iPhone
		{F05960C6-2A44-4189-ABFC-8E8B23E98A3A}.Release|iPhoneSimulator.ActiveCfg = Release|iPhoneSimulator
		{F05960C6-2A44-4189-ABFC-8E8B23E98A3A}.Release|iPhoneSimulator.Build.0 = Release|iPhoneSimulator
		{F05960C6-2A44-4189-ABFC-8E8B23E98A3A}.Release|x86.ActiveCfg = Release|iPhoneSimulator
		{03D70D62-1D3E-4141-9CAE-4ADA227BDC31}.Debug|Any CPU.ActiveCfg = Debug|Any CPU
		{03D70D62-1D3E-4141-9CAE-4ADA227BDC31}.Debug|Any CPU.Build.0 = Debug|Any CPU
		{03D70D62-1D3E-4141-9CAE-4ADA227BDC31}.Debug|iPhone.ActiveCfg = Debug|Any CPU
		{03D70D62-1D3E-4141-9CAE-4ADA227BDC31}.Debug|iPhone.Build.0 = Debug|Any CPU
		{03D70D62-1D3E-4141-9CAE-4ADA227BDC31}.Debug|iPhoneSimulator.ActiveCfg = Debug|Any CPU
		{03D70D62-1D3E-4141-9CAE-4ADA227BDC31}.Debug|iPhoneSimulator.Build.0 = Debug|Any CPU
		{03D70D62-1D3E-4141-9CAE-4ADA227BDC31}.Debug|x86.ActiveCfg = Debug|Any CPU
		{03D70D62-1D3E-4141-9CAE-4ADA227BDC31}.Debug|x86.Build.0 = Debug|Any CPU
		{03D70D62-1D3E-4141-9CAE-4ADA227BDC31}.Release|Any CPU.ActiveCfg = Release|Any CPU
		{03D70D62-1D3E-4141-9CAE-4ADA227BDC31}.Release|Any CPU.Build.0 = Release|Any CPU
		{03D70D62-1D3E-4141-9CAE-4ADA227BDC31}.Release|iPhone.ActiveCfg = Release|Any CPU
		{03D70D62-1D3E-4141-9CAE-4ADA227BDC31}.Release|iPhone.Build.0 = Release|Any CPU
		{03D70D62-1D3E-4141-9CAE-4ADA227BDC31}.Release|iPhoneSimulator.ActiveCfg = Release|Any CPU
		{03D70D62-1D3E-4141-9CAE-4ADA227BDC31}.Release|iPhoneSimulator.Build.0 = Release|Any CPU
		{03D70D62-1D3E-4141-9CAE-4ADA227BDC31}.Release|x86.ActiveCfg = Release|Any CPU
		{03D70D62-1D3E-4141-9CAE-4ADA227BDC31}.Release|x86.Build.0 = Release|Any CPU
		{8223D06F-B27A-41C8-A426-8FC2DD3E230D}.Debug|Any CPU.ActiveCfg = Debug|x86
		{8223D06F-B27A-41C8-A426-8FC2DD3E230D}.Debug|iPhone.ActiveCfg = Debug|x86
		{8223D06F-B27A-41C8-A426-8FC2DD3E230D}.Debug|iPhoneSimulator.ActiveCfg = Debug|x86
		{8223D06F-B27A-41C8-A426-8FC2DD3E230D}.Debug|x86.ActiveCfg = Debug|x86
		{8223D06F-B27A-41C8-A426-8FC2DD3E230D}.Debug|x86.Build.0 = Debug|x86
		{8223D06F-B27A-41C8-A426-8FC2DD3E230D}.Release|Any CPU.ActiveCfg = Release|x86
		{8223D06F-B27A-41C8-A426-8FC2DD3E230D}.Release|iPhone.ActiveCfg = Release|x86
		{8223D06F-B27A-41C8-A426-8FC2DD3E230D}.Release|iPhoneSimulator.ActiveCfg = Release|x86
		{8223D06F-B27A-41C8-A426-8FC2DD3E230D}.Release|x86.ActiveCfg = Release|x86
		{8223D06F-B27A-41C8-A426-8FC2DD3E230D}.Release|x86.Build.0 = Release|x86
	EndGlobalSection
	GlobalSection(SolutionProperties) = preSolution
		HideSolutionNode = FALSE
	EndGlobalSection
	GlobalSection(ExtensibilityGlobals) = postSolution
		SolutionGuid = {2C38D602-0B25-4E3D-A4E1-C38C0EA93FA9}
	EndGlobalSection
EndGlobal
